
Microsoft Visual Studio Solution File, Format Version 12.00
# Visual Studio Version 17
VisualStudioVersion = 17.11.35327.3
MinimumVisualStudioVersion = 10.0.40219.1
Project("{9A19103F-16F7-4668-BE54-9A1E7A4F7556}") = "TetrisConsole", "Tetris_Console\TetrisConsole.csproj", "{DBCBC38C-2FE9-4A2E-9FBB-BCE105B97DAD}"
EndProject
Project("{9A19103F-16F7-4668-BE54-9A1E7A4F7556}") = "TetrisTest", "TetrisConsoleTest\TetrisTest.csproj", "{58D0BBBF-F7A0-4B01-AF63-E0D0AF120136}"
EndProject
Project("{9A19103F-16F7-4668-BE54-9A1E7A4F7556}") = "Tetris", "Tetris\Tetris.csproj", "{F4B34B50-060F-45B3-A64E-7A2AEC1F14E2}"
EndProject
Global
	GlobalSection(SolutionConfigurationPlatforms) = preSolution
		Debug|Any CPU = Debug|Any CPU
		Release|Any CPU = Release|Any CPU
	EndGlobalSection
	GlobalSection(ProjectConfigurationPlatforms) = postSolution
		{DBCBC38C-2FE9-4A2E-9FBB-BCE105B97DAD}.Debug|Any CPU.ActiveCfg = Debug|Any CPU
		{DBCBC38C-2FE9-4A2E-9FBB-BCE105B97DAD}.Debug|Any CPU.Build.0 = Debug|Any CPU
		{DBCBC38C-2FE9-4A2E-9FBB-BCE105B97DAD}.Release|Any CPU.ActiveCfg = Release|Any CPU
		{DBCBC38C-2FE9-4A2E-9FBB-BCE105B97DAD}.Release|Any CPU.Build.0 = Release|Any CPU
		{58D0BBBF-F7A0-4B01-AF63-E0D0AF120136}.Debug|Any CPU.ActiveCfg = Debug|Any CPU
		{58D0BBBF-F7A0-4B01-AF63-E0D0AF120136}.Debug|Any CPU.Build.0 = Debug|Any CPU
		{58D0BBBF-F7A0-4B01-AF63-E0D0AF120136}.Release|Any CPU.ActiveCfg = Release|Any CPU
		{58D0BBBF-F7A0-4B01-AF63-E0D0AF120136}.Release|Any CPU.Build.0 = Release|Any CPU
		{F4B34B50-060F-45B3-A64E-7A2AEC1F14E2}.Debug|Any CPU.ActiveCfg = Debug|Any CPU
		{F4B34B50-060F-45B3-A64E-7A2AEC1F14E2}.Debug|Any CPU.Build.0 = Debug|Any CPU
		{F4B34B50-060F-45B3-A64E-7A2AEC1F14E2}.Release|Any CPU.ActiveCfg = Release|Any CPU
		{F4B34B50-060F-45B3-A64E-7A2AEC1F14E2}.Release|Any CPU.Build.0 = Release|Any CPU
	EndGlobalSection
	GlobalSection(SolutionProperties) = preSolution
		HideSolutionNode = FALSE
	EndGlobalSection
	GlobalSection(ExtensibilityGlobals) = postSolution
		SolutionGuid = {21F2178C-6CDE-4808-9E02-460358194CAD}
	EndGlobalSection
EndGlobal
